# This file is generated by running "yarn install" inside your project.
# Manual changes might be lost - proceed with caution!

__metadata:
  version: 8
  cacheKey: 10c0

"fullstack-todo@workspace:.":
  version: 0.0.0-use.local
  resolution: "fullstack-todo@workspace:."
  dependencies:
    dotenv: "npm:^16.4.7"
    express: "npm:^4.21.2"
    mongoose: "npm:^8.9.3"
  languageName: unknown
  linkType: soft